
Microsoft Visual Studio Solution File, Format Version 12.00
# Visual Studio Version 16
VisualStudioVersion = 16.0.808.3
MinimumVisualStudioVersion = 10.0.40219.1
Project("{FAE04EC0-301F-11D3-BF4B-00C04F79EFBC}") = "Rock_Paper_Scissors", "Rock_Paper_Scissors\Rock_Paper_Scissors.csproj", "{2F728314-3E84-43AD-B7AC-010934DF28B2}"
EndProject
Global
	GlobalSection(SolutionConfigurationPlatforms) = preSolution
		Debug|Any CPU = Debug|Any CPU
		Release|Any CPU = Release|Any CPU
	EndGlobalSection
	GlobalSection(ProjectConfigurationPlatforms) = postSolution
		{2F728314-3E84-43AD-B7AC-010934DF28B2}.Debug|Any CPU.ActiveCfg = Debug|Any CPU
		{2F728314-3E84-43AD-B7AC-010934DF28B2}.Debug|Any CPU.Build.0 = Debug|Any CPU
		{2F728314-3E84-43AD-B7AC-010934DF28B2}.Release|Any CPU.ActiveCfg = Release|Any CPU
		{2F728314-3E84-43AD-B7AC-010934DF28B2}.Release|Any CPU.Build.0 = Release|Any CPU
	EndGlobalSection
	GlobalSection(SolutionProperties) = preSolution
		HideSolutionNode = FALSE
	EndGlobalSection
	GlobalSection(ExtensibilityGlobals) = postSolution
		SolutionGuid = {D5D74048-D593-4107-A615-7EEE32EC8927}
	EndGlobalSection
EndGlobal
